
Microsoft Visual Studio Solution File, Format Version 12.00
# Visual Studio Version 16
VisualStudioVersion = 16.0.30611.23
MinimumVisualStudioVersion = 10.0.40219.1
Project("{FAE04EC0-301F-11D3-BF4B-00C04F79EFBC}") = "AddressBookRestApi", "AddressBookRestApi.csproj", "{D5968DB5-B1C8-4E5E-B7F6-E004E0B93DC4}"
EndProject
Project("{FAE04EC0-301F-11D3-BF4B-00C04F79EFBC}") = "AddressBookApiTest", "..\AddressBookApiTest\AddressBookApiTest.csproj", "{69BE6744-8E20-4F87-9A88-8B4C80E2CFB8}"
EndProject
Global
	GlobalSection(SolutionConfigurationPlatforms) = preSolution
		Debug|Any CPU = Debug|Any CPU
		Release|Any CPU = Release|Any CPU
	EndGlobalSection
	GlobalSection(ProjectConfigurationPlatforms) = postSolution
		{D5968DB5-B1C8-4E5E-B7F6-E004E0B93DC4}.Debug|Any CPU.ActiveCfg = Debug|Any CPU
		{D5968DB5-B1C8-4E5E-B7F6-E004E0B93DC4}.Debug|Any CPU.Build.0 = Debug|Any CPU
		{D5968DB5-B1C8-4E5E-B7F6-E004E0B93DC4}.Release|Any CPU.ActiveCfg = Release|Any CPU
		{D5968DB5-B1C8-4E5E-B7F6-E004E0B93DC4}.Release|Any CPU.Build.0 = Release|Any CPU
		{69BE6744-8E20-4F87-9A88-8B4C80E2CFB8}.Debug|Any CPU.ActiveCfg = Debug|Any CPU
		{69BE6744-8E20-4F87-9A88-8B4C80E2CFB8}.Debug|Any CPU.Build.0 = Debug|Any CPU
		{69BE6744-8E20-4F87-9A88-8B4C80E2CFB8}.Release|Any CPU.ActiveCfg = Release|Any CPU
		{69BE6744-8E20-4F87-9A88-8B4C80E2CFB8}.Release|Any CPU.Build.0 = Release|Any CPU
	EndGlobalSection
	GlobalSection(SolutionProperties) = preSolution
		HideSolutionNode = FALSE
	EndGlobalSection
	GlobalSection(ExtensibilityGlobals) = postSolution
		SolutionGuid = {7B7EA705-5F94-4C8A-838F-AFD7BFB690E0}
	EndGlobalSection
EndGlobal
